{
  "name": "course",
  "lockfileVersion": 3,
  "requires": true,
  "packages": {
    "": {
      "dependencies": {
        "paroller.js": "^1.5.0"
      }
    },
    "node_modules/jquery": {
      "version": "3.7.1",
      "resolved": "https://registry.npmjs.org/jquery/-/jquery-3.7.1.tgz",
      "integrity": "sha512-m4avr8yL8kmFN8psrbFFFmB/If14iN5o9nw/NgnnM+kybDJpRsAynV2BsfpTYrTRysYUdADVD7CkUUizgkpLfg==",
      "license": "MIT"
    },
    "node_modules/paroller.js": {
      "version": "1.5.0",
      "resolved": "https://registry.npmjs.org/paroller.js/-/paroller.js-1.5.0.tgz",
      "integrity": "sha512-J7W97Hs9JoZy4ZlABCLODNoC1SCcOrw93DCXbFsvrUfHXb/WYoEqnWCnfWteDPEozZ97ZHD92S+feu4L1ey5yg==",
      "license": "MIT",
      "dependencies": {
        "jquery": "^3.5.1"
      }
    }
  }
}
